
Microsoft Visual Studio Solution File, Format Version 12.00
# Visual Studio Version 17
VisualStudioVersion = 17.5.33414.496
MinimumVisualStudioVersion = 10.0.40219.1
Project("{FAE04EC0-301F-11D3-BF4B-00C04F79EFBC}") = "256bitKeyGenerator", "256bitKeyGenerator\256bitKeyGenerator.csproj", "{80F30EF5-5DF3-40B5-9483-CCB013D5581C}"
EndProject
Global
	GlobalSection(SolutionConfigurationPlatforms) = preSolution
		Debug|Any CPU = Debug|Any CPU
		Release|Any CPU = Release|Any CPU
	EndGlobalSection
	GlobalSection(ProjectConfigurationPlatforms) = postSolution
		{80F30EF5-5DF3-40B5-9483-CCB013D5581C}.Debug|Any CPU.ActiveCfg = Debug|Any CPU
		{80F30EF5-5DF3-40B5-9483-CCB013D5581C}.Debug|Any CPU.Build.0 = Debug|Any CPU
		{80F30EF5-5DF3-40B5-9483-CCB013D5581C}.Release|Any CPU.ActiveCfg = Release|Any CPU
		{80F30EF5-5DF3-40B5-9483-CCB013D5581C}.Release|Any CPU.Build.0 = Release|Any CPU
	EndGlobalSection
	GlobalSection(SolutionProperties) = preSolution
		HideSolutionNode = FALSE
	EndGlobalSection
	GlobalSection(ExtensibilityGlobals) = postSolution
		SolutionGuid = {1EF111F8-E33F-4F1B-8C6D-1CAD8658089C}
	EndGlobalSection
EndGlobal
